
Microsoft Visual Studio Solution File, Format Version 12.00
# Visual Studio Version 16
VisualStudioVersion = 16.0.29613.14
MinimumVisualStudioVersion = 10.0.40219.1
Project("{FAE04EC0-301F-11D3-BF4B-00C04F79EFBC}") = "AuctionOnline", "AuctionOnline\AuctionOnline.csproj", "{810B4A88-2C5C-42E9-81C8-D50480E868DA}"
EndProject
Global
	GlobalSection(SolutionConfigurationPlatforms) = preSolution
		Debug|Any CPU = Debug|Any CPU
		Release|Any CPU = Release|Any CPU
	EndGlobalSection
	GlobalSection(ProjectConfigurationPlatforms) = postSolution
		{810B4A88-2C5C-42E9-81C8-D50480E868DA}.Debug|Any CPU.ActiveCfg = Debug|Any CPU
		{810B4A88-2C5C-42E9-81C8-D50480E868DA}.Debug|Any CPU.Build.0 = Debug|Any CPU
		{810B4A88-2C5C-42E9-81C8-D50480E868DA}.Release|Any CPU.ActiveCfg = Release|Any CPU
		{810B4A88-2C5C-42E9-81C8-D50480E868DA}.Release|Any CPU.Build.0 = Release|Any CPU
	EndGlobalSection
	GlobalSection(SolutionProperties) = preSolution
		HideSolutionNode = FALSE
	EndGlobalSection
	GlobalSection(ExtensibilityGlobals) = postSolution
		SolutionGuid = {FB6F0CE4-87A2-432A-8FB7-FBA6D6B33066}
	EndGlobalSection
EndGlobal
